{
  "object": {
    "pins": [
      {
        "package": "PuzzleBox",
        "repositoryURL": "https://github.com/calebwilson706/puzzle-box-SP",
        "state": {
          "branch": null,
          "revision": "66502386066b13090f36750f09ea0960b5857ba3",
          "version": "1.0.9"
        }
      }
    ]
  },
  "version": 1
}
