{
  "object": {
    "pins": [
      {
        "package": "PuzzleBox",
        "repositoryURL": "https://github.com/calebwilson706/puzzle-box-SP",
        "state": {
          "branch": null,
          "revision": "adcd2a176c8eea49db2320ed564519afbe796fc5",
          "version": "1.0.7"
        }
      }
    ]
  },
  "version": 1
}
