{
  "object": {
    "pins": [
      {
        "package": "PuzzleBox",
        "repositoryURL": "https://github.com/calebwilson706/puzzle-box-SP",
        "state": {
          "branch": null,
          "revision": "f3e225797a8ca9f6cfef9c80719c2084261f7220",
          "version": "1.1.1"
        }
      }
    ]
  },
  "version": 1
}
